
Microsoft Visual Studio Solution File, Format Version 12.00
# Visual Studio Version 17
VisualStudioVersion = 17.14.36109.1
MinimumVisualStudioVersion = 10.0.40219.1
Project("{FAE04EC0-301F-11D3-BF4B-00C04F79EFBC}") = "DPTS.APIs", "DPTS.APIs\DPTS.APIs.csproj", "{44F66253-4642-4CC5-BDE9-BFA2FB2F925C}"
EndProject
Project("{FAE04EC0-301F-11D3-BF4B-00C04F79EFBC}") = "DPTS.Applications", "DPTS.Applications\DPTS.Applications.csproj", "{12217901-8BF3-4310-A30D-1F004B6F586C}"
EndProject
Project("{FAE04EC0-301F-11D3-BF4B-00C04F79EFBC}") = "DPTS.Infrastructures", "DPTS.Infrastructures\DPTS.Infrastructures.csproj", "{FB7E6902-E267-40A3-B02D-30C1DE967C6C}"
EndProject
Project("{FAE04EC0-301F-11D3-BF4B-00C04F79EFBC}") = "DPTS.Domains", "DPTS.Domains\DPTS.Domains.csproj", "{D9D3B205-9661-40E6-967E-12B3EC701D55}"
EndProject
Global
	GlobalSection(SolutionConfigurationPlatforms) = preSolution
		Debug|Any CPU = Debug|Any CPU
		Release|Any CPU = Release|Any CPU
	EndGlobalSection
	GlobalSection(ProjectConfigurationPlatforms) = postSolution
		{44F66253-4642-4CC5-BDE9-BFA2FB2F925C}.Debug|Any CPU.ActiveCfg = Debug|Any CPU
		{44F66253-4642-4CC5-BDE9-BFA2FB2F925C}.Debug|Any CPU.Build.0 = Debug|Any CPU
		{44F66253-4642-4CC5-BDE9-BFA2FB2F925C}.Release|Any CPU.ActiveCfg = Release|Any CPU
		{44F66253-4642-4CC5-BDE9-BFA2FB2F925C}.Release|Any CPU.Build.0 = Release|Any CPU
		{12217901-8BF3-4310-A30D-1F004B6F586C}.Debug|Any CPU.ActiveCfg = Debug|Any CPU
		{12217901-8BF3-4310-A30D-1F004B6F586C}.Debug|Any CPU.Build.0 = Debug|Any CPU
		{12217901-8BF3-4310-A30D-1F004B6F586C}.Release|Any CPU.ActiveCfg = Release|Any CPU
		{12217901-8BF3-4310-A30D-1F004B6F586C}.Release|Any CPU.Build.0 = Release|Any CPU
		{FB7E6902-E267-40A3-B02D-30C1DE967C6C}.Debug|Any CPU.ActiveCfg = Debug|Any CPU
		{FB7E6902-E267-40A3-B02D-30C1DE967C6C}.Debug|Any CPU.Build.0 = Debug|Any CPU
		{FB7E6902-E267-40A3-B02D-30C1DE967C6C}.Release|Any CPU.ActiveCfg = Release|Any CPU
		{FB7E6902-E267-40A3-B02D-30C1DE967C6C}.Release|Any CPU.Build.0 = Release|Any CPU
		{D9D3B205-9661-40E6-967E-12B3EC701D55}.Debug|Any CPU.ActiveCfg = Debug|Any CPU
		{D9D3B205-9661-40E6-967E-12B3EC701D55}.Debug|Any CPU.Build.0 = Debug|Any CPU
		{D9D3B205-9661-40E6-967E-12B3EC701D55}.Release|Any CPU.ActiveCfg = Release|Any CPU
		{D9D3B205-9661-40E6-967E-12B3EC701D55}.Release|Any CPU.Build.0 = Release|Any CPU
	EndGlobalSection
	GlobalSection(SolutionProperties) = preSolution
		HideSolutionNode = FALSE
	EndGlobalSection
	GlobalSection(ExtensibilityGlobals) = postSolution
		SolutionGuid = {20C357B6-F4A5-4C10-BDAE-A64EBA3FC559}
	EndGlobalSection
EndGlobal
